// !$*UTF8*$!
{
	archiveVersion = 1;
	classes = {
	};
	objectVersion = 48;
	objects = {

/* Begin PBXBuildFile section */
		BB7706DA4762CF979E1F8E2A /* Pods_Test_Build_DeployTests.framework in Frameworks */ = {isa = PBXBuildFile; fileRef = C0684895BD9F9B0F30FEAF22 /* Pods_Test_Build_DeployTests.framework */; };
		C5A55BF63225DCFF1E816CB0 /* Pods_Test_Build_Deploy.framework in Frameworks */ = {isa = PBXBuildFile; fileRef = F23A5C285A3F2F44F209DC61 /* Pods_Test_Build_Deploy.framework */; };
		D25BE03F2031EEB0006625F7 /* AppDelegate.swift in Sources */ = {isa = PBXBuildFile; fileRef = D25BE03E2031EEB0006625F7 /* AppDelegate.swift */; };
		D25BE0412031EEB0006625F7 /* HomeViewController.swift in Sources */ = {isa = PBXBuildFile; fileRef = D25BE0402031EEB0006625F7 /* HomeViewController.swift */; };
		D25BE0442031EEB0006625F7 /* Main.storyboard in Resources */ = {isa = PBXBuildFile; fileRef = D25BE0422031EEB0006625F7 /* Main.storyboard */; };
		D25BE0462031EEB0006625F7 /* Assets.xcassets in Resources */ = {isa = PBXBuildFile; fileRef = D25BE0452031EEB0006625F7 /* Assets.xcassets */; };
		D25BE0492031EEB0006625F7 /* LaunchScreen.storyboard in Resources */ = {isa = PBXBuildFile; fileRef = D25BE0472031EEB0006625F7 /* LaunchScreen.storyboard */; };
		D25BE0542031EEB0006625F7 /* Test_Build_DeployTests.swift in Sources */ = {isa = PBXBuildFile; fileRef = D25BE0532031EEB0006625F7 /* Test_Build_DeployTests.swift */; };
		D25BE05F2031EEB0006625F7 /* Test_Build_DeployUITests.swift in Sources */ = {isa = PBXBuildFile; fileRef = D25BE05E2031EEB0006625F7 /* Test_Build_DeployUITests.swift */; };
		DF7010A3CE84F0F083A15C30 /* Pods_Test_Build_DeployUITests.framework in Frameworks */ = {isa = PBXBuildFile; fileRef = EB018421FF04A70AC4C276E3 /* Pods_Test_Build_DeployUITests.framework */; };
/* End PBXBuildFile section */

/* Begin PBXContainerItemProxy section */
		D25BE0502031EEB0006625F7 /* PBXContainerItemProxy */ = {
			isa = PBXContainerItemProxy;
			containerPortal = D25BE0332031EEB0006625F7 /* Project object */;
			proxyType = 1;
			remoteGlobalIDString = D25BE03A2031EEB0006625F7;
			remoteInfo = "Test Build Deploy";
		};
		D25BE05B2031EEB0006625F7 /* PBXContainerItemProxy */ = {
			isa = PBXContainerItemProxy;
			containerPortal = D25BE0332031EEB0006625F7 /* Project object */;
			proxyType = 1;
			remoteGlobalIDString = D25BE03A2031EEB0006625F7;
			remoteInfo = "Test Build Deploy";
		};
/* End PBXContainerItemProxy section */

/* Begin PBXFileReference section */
		0D1942693E14B44956BECC9C /* Pods-Test Build Deploy.debug.xcconfig */ = {isa = PBXFileReference; includeInIndex = 1; lastKnownFileType = text.xcconfig; name = "Pods-Test Build Deploy.debug.xcconfig"; path = "Pods/Target Support Files/Pods-Test Build Deploy/Pods-Test Build Deploy.debug.xcconfig"; sourceTree = "<group>"; };
		5DF884965DAF09D181A347E3 /* Pods-Test Build Deploy.release.xcconfig */ = {isa = PBXFileReference; includeInIndex = 1; lastKnownFileType = text.xcconfig; name = "Pods-Test Build Deploy.release.xcconfig"; path = "Pods/Target Support Files/Pods-Test Build Deploy/Pods-Test Build Deploy.release.xcconfig"; sourceTree = "<group>"; };
		85258E9AC8F2CFC7C14E5BB5 /* Pods-Test Build DeployUITests.release.xcconfig */ = {isa = PBXFileReference; includeInIndex = 1; lastKnownFileType = text.xcconfig; name = "Pods-Test Build DeployUITests.release.xcconfig"; path = "Pods/Target Support Files/Pods-Test Build DeployUITests/Pods-Test Build DeployUITests.release.xcconfig"; sourceTree = "<group>"; };
		A3F9144FEC54BADA4C3740FA /* Pods-Test Build DeployTests.release.xcconfig */ = {isa = PBXFileReference; includeInIndex = 1; lastKnownFileType = text.xcconfig; name = "Pods-Test Build DeployTests.release.xcconfig"; path = "Pods/Target Support Files/Pods-Test Build DeployTests/Pods-Test Build DeployTests.release.xcconfig"; sourceTree = "<group>"; };
		A5F9DE684155F36378F56A2E /* Pods-Test Build DeployUITests.debug.xcconfig */ = {isa = PBXFileReference; includeInIndex = 1; lastKnownFileType = text.xcconfig; name = "Pods-Test Build DeployUITests.debug.xcconfig"; path = "Pods/Target Support Files/Pods-Test Build DeployUITests/Pods-Test Build DeployUITests.debug.xcconfig"; sourceTree = "<group>"; };
		C0684895BD9F9B0F30FEAF22 /* Pods_Test_Build_DeployTests.framework */ = {isa = PBXFileReference; explicitFileType = wrapper.framework; includeInIndex = 0; path = Pods_Test_Build_DeployTests.framework; sourceTree = BUILT_PRODUCTS_DIR; };
		D25BE03B2031EEB0006625F7 /* Test Build Deploy.app */ = {isa = PBXFileReference; explicitFileType = wrapper.application; includeInIndex = 0; path = "Test Build Deploy.app"; sourceTree = BUILT_PRODUCTS_DIR; };
		D25BE03E2031EEB0006625F7 /* AppDelegate.swift */ = {isa = PBXFileReference; lastKnownFileType = sourcecode.swift; path = AppDelegate.swift; sourceTree = "<group>"; };
		D25BE0402031EEB0006625F7 /* HomeViewController.swift */ = {isa = PBXFileReference; lastKnownFileType = sourcecode.swift; path = HomeViewController.swift; sourceTree = "<group>"; };
		D25BE0432031EEB0006625F7 /* Base */ = {isa = PBXFileReference; lastKnownFileType = file.storyboard; name = Base; path = Base.lproj/Main.storyboard; sourceTree = "<group>"; };
		D25BE0452031EEB0006625F7 /* Assets.xcassets */ = {isa = PBXFileReference; lastKnownFileType = folder.assetcatalog; path = Assets.xcassets; sourceTree = "<group>"; };
		D25BE0482031EEB0006625F7 /* Base */ = {isa = PBXFileReference; lastKnownFileType = file.storyboard; name = Base; path = Base.lproj/LaunchScreen.storyboard; sourceTree = "<group>"; };
		D25BE04A2031EEB0006625F7 /* Info.plist */ = {isa = PBXFileReference; lastKnownFileType = text.plist.xml; path = Info.plist; sourceTree = "<group>"; };
		D25BE04F2031EEB0006625F7 /* Test Build DeployTests.xctest */ = {isa = PBXFileReference; explicitFileType = wrapper.cfbundle; includeInIndex = 0; path = "Test Build DeployTests.xctest"; sourceTree = BUILT_PRODUCTS_DIR; };
		D25BE0532031EEB0006625F7 /* Test_Build_DeployTests.swift */ = {isa = PBXFileReference; lastKnownFileType = sourcecode.swift; path = Test_Build_DeployTests.swift; sourceTree = "<group>"; };
		D25BE0552031EEB0006625F7 /* Info.plist */ = {isa = PBXFileReference; lastKnownFileType = text.plist.xml; path = Info.plist; sourceTree = "<group>"; };
		D25BE05A2031EEB0006625F7 /* Test Build DeployUITests.xctest */ = {isa = PBXFileReference; explicitFileType = wrapper.cfbundle; includeInIndex = 0; path = "Test Build DeployUITests.xctest"; sourceTree = BUILT_PRODUCTS_DIR; };
		D25BE05E2031EEB0006625F7 /* Test_Build_DeployUITests.swift */ = {isa = PBXFileReference; lastKnownFileType = sourcecode.swift; path = Test_Build_DeployUITests.swift; sourceTree = "<group>"; };
		D25BE0602031EEB0006625F7 /* Info.plist */ = {isa = PBXFileReference; lastKnownFileType = text.plist.xml; path = Info.plist; sourceTree = "<group>"; };
		E617E0787E4E441A865176DE /* Pods-Test Build DeployTests.debug.xcconfig */ = {isa = PBXFileReference; includeInIndex = 1; lastKnownFileType = text.xcconfig; name = "Pods-Test Build DeployTests.debug.xcconfig"; path = "Pods/Target Support Files/Pods-Test Build DeployTests/Pods-Test Build DeployTests.debug.xcconfig"; sourceTree = "<group>"; };
		EB018421FF04A70AC4C276E3 /* Pods_Test_Build_DeployUITests.framework */ = {isa = PBXFileReference; explicitFileType = wrapper.framework; includeInIndex = 0; path = Pods_Test_Build_DeployUITests.framework; sourceTree = BUILT_PRODUCTS_DIR; };
		F23A5C285A3F2F44F209DC61 /* Pods_Test_Build_Deploy.framework */ = {isa = PBXFileReference; explicitFileType = wrapper.framework; includeInIndex = 0; path = Pods_Test_Build_Deploy.framework; sourceTree = BUILT_PRODUCTS_DIR; };
/* End PBXFileReference section */

/* Begin PBXFrameworksBuildPhase section */
		D25BE0382031EEB0006625F7 /* Frameworks */ = {
			isa = PBXFrameworksBuildPhase;
			buildActionMask = 2147483647;
			files = (
				C5A55BF63225DCFF1E816CB0 /* Pods_Test_Build_Deploy.framework in Frameworks */,
			);
			runOnlyForDeploymentPostprocessing = 0;
		};
		D25BE04C2031EEB0006625F7 /* Frameworks */ = {
			isa = PBXFrameworksBuildPhase;
			buildActionMask = 2147483647;
			files = (
				BB7706DA4762CF979E1F8E2A /* Pods_Test_Build_DeployTests.framework in Frameworks */,
			);
			runOnlyForDeploymentPostprocessing = 0;
		};
		D25BE0572031EEB0006625F7 /* Frameworks */ = {
			isa = PBXFrameworksBuildPhase;
			buildActionMask = 2147483647;
			files = (
				DF7010A3CE84F0F083A15C30 /* Pods_Test_Build_DeployUITests.framework in Frameworks */,
			);
			runOnlyForDeploymentPostprocessing = 0;
		};
/* End PBXFrameworksBuildPhase section */

/* Begin PBXGroup section */
		1C6EB1C8934911A30F0C7BE0 /* Frameworks */ = {
			isa = PBXGroup;
			children = (
				F23A5C285A3F2F44F209DC61 /* Pods_Test_Build_Deploy.framework */,
				C0684895BD9F9B0F30FEAF22 /* Pods_Test_Build_DeployTests.framework */,
				EB018421FF04A70AC4C276E3 /* Pods_Test_Build_DeployUITests.framework */,
			);
			name = Frameworks;
			sourceTree = "<group>";
		};
		D25BE0322031EEB0006625F7 = {
			isa = PBXGroup;
			children = (
				D25BE03D2031EEB0006625F7 /* Test Build Deploy */,
				D25BE0522031EEB0006625F7 /* Test Build DeployTests */,
				D25BE05D2031EEB0006625F7 /* Test Build DeployUITests */,
				D25BE03C2031EEB0006625F7 /* Products */,
				F3E3029F04E32A809C97074B /* Pods */,
				1C6EB1C8934911A30F0C7BE0 /* Frameworks */,
			);
			sourceTree = "<group>";
		};
		D25BE03C2031EEB0006625F7 /* Products */ = {
			isa = PBXGroup;
			children = (
				D25BE03B2031EEB0006625F7 /* Test Build Deploy.app */,
				D25BE04F2031EEB0006625F7 /* Test Build DeployTests.xctest */,
				D25BE05A2031EEB0006625F7 /* Test Build DeployUITests.xctest */,
			);
			name = Products;
			sourceTree = "<group>";
		};
		D25BE03D2031EEB0006625F7 /* Test Build Deploy */ = {
			isa = PBXGroup;
			children = (
				D25BE03E2031EEB0006625F7 /* AppDelegate.swift */,
				D25BE0402031EEB0006625F7 /* HomeViewController.swift */,
				D25BE0422031EEB0006625F7 /* Main.storyboard */,
				D25BE0452031EEB0006625F7 /* Assets.xcassets */,
				D25BE0472031EEB0006625F7 /* LaunchScreen.storyboard */,
				D25BE04A2031EEB0006625F7 /* Info.plist */,
			);
			path = "Test Build Deploy";
			sourceTree = "<group>";
		};
		D25BE0522031EEB0006625F7 /* Test Build DeployTests */ = {
			isa = PBXGroup;
			children = (
				D25BE0532031EEB0006625F7 /* Test_Build_DeployTests.swift */,
				D25BE0552031EEB0006625F7 /* Info.plist */,
			);
			path = "Test Build DeployTests";
			sourceTree = "<group>";
		};
		D25BE05D2031EEB0006625F7 /* Test Build DeployUITests */ = {
			isa = PBXGroup;
			children = (
				D25BE05E2031EEB0006625F7 /* Test_Build_DeployUITests.swift */,
				D25BE0602031EEB0006625F7 /* Info.plist */,
			);
			path = "Test Build DeployUITests";
			sourceTree = "<group>";
		};
		F3E3029F04E32A809C97074B /* Pods */ = {
			isa = PBXGroup;
			children = (
				0D1942693E14B44956BECC9C /* Pods-Test Build Deploy.debug.xcconfig */,
				5DF884965DAF09D181A347E3 /* Pods-Test Build Deploy.release.xcconfig */,
				E617E0787E4E441A865176DE /* Pods-Test Build DeployTests.debug.xcconfig */,
				A3F9144FEC54BADA4C3740FA /* Pods-Test Build DeployTests.release.xcconfig */,
				A5F9DE684155F36378F56A2E /* Pods-Test Build DeployUITests.debug.xcconfig */,
				85258E9AC8F2CFC7C14E5BB5 /* Pods-Test Build DeployUITests.release.xcconfig */,
			);
			name = Pods;
			sourceTree = "<group>";
		};
/* End PBXGroup section */

/* Begin PBXNativeTarget section */
		D25BE03A2031EEB0006625F7 /* Test Build Deploy */ = {
			isa = PBXNativeTarget;
			buildConfigurationList = D25BE0632031EEB0006625F7 /* Build configuration list for PBXNativeTarget "Test Build Deploy" */;
			buildPhases = (
				6B4E9508CAFE726958B8BCD4 /* [CP] Check Pods Manifest.lock */,
				D25BE0372031EEB0006625F7 /* Sources */,
				D25BE0382031EEB0006625F7 /* Frameworks */,
				D25BE0392031EEB0006625F7 /* Resources */,
				043DF57672D51927672B81A7 /* [CP] Embed Pods Frameworks */,
				1CC8B1FBAF38884A84BD68CE /* [CP] Copy Pods Resources */,
				D25BE06C20322302006625F7 /* ShellScript */,
			);
			buildRules = (
			);
			dependencies = (
			);
			name = "Test Build Deploy";
			productName = "Test Build Deploy";
			productReference = D25BE03B2031EEB0006625F7 /* Test Build Deploy.app */;
			productType = "com.apple.product-type.application";
		};
		D25BE04E2031EEB0006625F7 /* Test Build DeployTests */ = {
			isa = PBXNativeTarget;
			buildConfigurationList = D25BE0662031EEB0006625F7 /* Build configuration list for PBXNativeTarget "Test Build DeployTests" */;
			buildPhases = (
				27FD73B79FEFD407DF938BFF /* [CP] Check Pods Manifest.lock */,
				D25BE04B2031EEB0006625F7 /* Sources */,
				D25BE04C2031EEB0006625F7 /* Frameworks */,
				D25BE04D2031EEB0006625F7 /* Resources */,
				4F28526E674EE81446CBA57F /* [CP] Embed Pods Frameworks */,
				C3FC66900731AC84B8FD1A6F /* [CP] Copy Pods Resources */,
			);
			buildRules = (
			);
			dependencies = (
				D25BE0512031EEB0006625F7 /* PBXTargetDependency */,
			);
			name = "Test Build DeployTests";
			productName = "Test Build DeployTests";
			productReference = D25BE04F2031EEB0006625F7 /* Test Build DeployTests.xctest */;
			productType = "com.apple.product-type.bundle.unit-test";
		};
		D25BE0592031EEB0006625F7 /* Test Build DeployUITests */ = {
			isa = PBXNativeTarget;
			buildConfigurationList = D25BE0692031EEB0006625F7 /* Build configuration list for PBXNativeTarget "Test Build DeployUITests" */;
			buildPhases = (
				6F51337CC78E3BB5D14561C6 /* [CP] Check Pods Manifest.lock */,
				D25BE0562031EEB0006625F7 /* Sources */,
				D25BE0572031EEB0006625F7 /* Frameworks */,
				D25BE0582031EEB0006625F7 /* Resources */,
				BABD965225EEF843E71B8E95 /* [CP] Embed Pods Frameworks */,
				F3BB29801F9BCC762D5FABCC /* [CP] Copy Pods Resources */,
			);
			buildRules = (
			);
			dependencies = (
				D25BE05C2031EEB0006625F7 /* PBXTargetDependency */,
			);
			name = "Test Build DeployUITests";
			productName = "Test Build DeployUITests";
			productReference = D25BE05A2031EEB0006625F7 /* Test Build DeployUITests.xctest */;
			productType = "com.apple.product-type.bundle.ui-testing";
		};
/* End PBXNativeTarget section */

/* Begin PBXProject section */
		D25BE0332031EEB0006625F7 /* Project object */ = {
			isa = PBXProject;
			attributes = {
				LastSwiftUpdateCheck = 0920;
				LastUpgradeCheck = 0920;
				ORGANIZATIONNAME = "Adam C. Smith";
				TargetAttributes = {
					D25BE03A2031EEB0006625F7 = {
						CreatedOnToolsVersion = 9.2;
						ProvisioningStyle = Manual;
					};
					D25BE04E2031EEB0006625F7 = {
						CreatedOnToolsVersion = 9.2;
						ProvisioningStyle = Automatic;
						TestTargetID = D25BE03A2031EEB0006625F7;
					};
					D25BE0592031EEB0006625F7 = {
						CreatedOnToolsVersion = 9.2;
						ProvisioningStyle = Automatic;
						TestTargetID = D25BE03A2031EEB0006625F7;
					};
				};
			};
			buildConfigurationList = D25BE0362031EEB0006625F7 /* Build configuration list for PBXProject "Test Build Deploy" */;
			compatibilityVersion = "Xcode 8.0";
			developmentRegion = en;
			hasScannedForEncodings = 0;
			knownRegions = (
				en,
				Base,
			);
			mainGroup = D25BE0322031EEB0006625F7;
			productRefGroup = D25BE03C2031EEB0006625F7 /* Products */;
			projectDirPath = "";
			projectRoot = "";
			targets = (
				D25BE03A2031EEB0006625F7 /* Test Build Deploy */,
				D25BE04E2031EEB0006625F7 /* Test Build DeployTests */,
				D25BE0592031EEB0006625F7 /* Test Build DeployUITests */,
			);
		};
/* End PBXProject section */

/* Begin PBXResourcesBuildPhase section */
		D25BE0392031EEB0006625F7 /* Resources */ = {
			isa = PBXResourcesBuildPhase;
			buildActionMask = 2147483647;
			files = (
				D25BE0492031EEB0006625F7 /* LaunchScreen.storyboard in Resources */,
				D25BE0462031EEB0006625F7 /* Assets.xcassets in Resources */,
				D25BE0442031EEB0006625F7 /* Main.storyboard in Resources */,
			);
			runOnlyForDeploymentPostprocessing = 0;
		};
		D25BE04D2031EEB0006625F7 /* Resources */ = {
			isa = PBXResourcesBuildPhase;
			buildActionMask = 2147483647;
			files = (
			);
			runOnlyForDeploymentPostprocessing = 0;
		};
		D25BE0582031EEB0006625F7 /* Resources */ = {
			isa = PBXResourcesBuildPhase;
			buildActionMask = 2147483647;
			files = (
			);
			runOnlyForDeploymentPostprocessing = 0;
		};
/* End PBXResourcesBuildPhase section */

/* Begin PBXShellScriptBuildPhase section */
		043DF57672D51927672B81A7 /* [CP] Embed Pods Frameworks */ = {
			isa = PBXShellScriptBuildPhase;
			buildActionMask = 2147483647;
			files = (
			);
			inputPaths = (
				"${SRCROOT}/Pods/Target Support Files/Pods-Test Build Deploy/Pods-Test Build Deploy-frameworks.sh",
				"${BUILT_PRODUCTS_DIR}/Alamofire/Alamofire.framework",
			);
			name = "[CP] Embed Pods Frameworks";
			outputPaths = (
				"${TARGET_BUILD_DIR}/${FRAMEWORKS_FOLDER_PATH}/Alamofire.framework",
			);
			runOnlyForDeploymentPostprocessing = 0;
			shellPath = /bin/sh;
			shellScript = "\"${SRCROOT}/Pods/Target Support Files/Pods-Test Build Deploy/Pods-Test Build Deploy-frameworks.sh\"\n";
			showEnvVarsInLog = 0;
		};
		1CC8B1FBAF38884A84BD68CE /* [CP] Copy Pods Resources */ = {
			isa = PBXShellScriptBuildPhase;
			buildActionMask = 2147483647;
			files = (
			);
			inputPaths = (
			);
			name = "[CP] Copy Pods Resources";
			outputPaths = (
			);
			runOnlyForDeploymentPostprocessing = 0;
			shellPath = /bin/sh;
			shellScript = "\"${SRCROOT}/Pods/Target Support Files/Pods-Test Build Deploy/Pods-Test Build Deploy-resources.sh\"\n";
			showEnvVarsInLog = 0;
		};
		27FD73B79FEFD407DF938BFF /* [CP] Check Pods Manifest.lock */ = {
			isa = PBXShellScriptBuildPhase;
			buildActionMask = 2147483647;
			files = (
			);
			inputPaths = (
				"${PODS_PODFILE_DIR_PATH}/Podfile.lock",
				"${PODS_ROOT}/Manifest.lock",
			);
			name = "[CP] Check Pods Manifest.lock";
			outputPaths = (
				"$(DERIVED_FILE_DIR)/Pods-Test Build DeployTests-checkManifestLockResult.txt",
			);
			runOnlyForDeploymentPostprocessing = 0;
			shellPath = /bin/sh;
			shellScript = "diff \"${PODS_PODFILE_DIR_PATH}/Podfile.lock\" \"${PODS_ROOT}/Manifest.lock\" > /dev/null\nif [ $? != 0 ] ; then\n    # print error to STDERR\n    echo \"error: The sandbox is not in sync with the Podfile.lock. Run 'pod install' or update your CocoaPods installation.\" >&2\n    exit 1\nfi\n# This output is used by Xcode 'outputs' to avoid re-running this script phase.\necho \"SUCCESS\" > \"${SCRIPT_OUTPUT_FILE_0}\"\n";
			showEnvVarsInLog = 0;
		};
		4F28526E674EE81446CBA57F /* [CP] Embed Pods Frameworks */ = {
			isa = PBXShellScriptBuildPhase;
			buildActionMask = 2147483647;
			files = (
			);
			inputPaths = (
			);
			name = "[CP] Embed Pods Frameworks";
			outputPaths = (
			);
			runOnlyForDeploymentPostprocessing = 0;
			shellPath = /bin/sh;
			shellScript = "\"${SRCROOT}/Pods/Target Support Files/Pods-Test Build DeployTests/Pods-Test Build DeployTests-frameworks.sh\"\n";
			showEnvVarsInLog = 0;
		};
		6B4E9508CAFE726958B8BCD4 /* [CP] Check Pods Manifest.lock */ = {
			isa = PBXShellScriptBuildPhase;
			buildActionMask = 2147483647;
			files = (
			);
			inputPaths = (
				"${PODS_PODFILE_DIR_PATH}/Podfile.lock",
				"${PODS_ROOT}/Manifest.lock",
			);
			name = "[CP] Check Pods Manifest.lock";
			outputPaths = (
				"$(DERIVED_FILE_DIR)/Pods-Test Build Deploy-checkManifestLockResult.txt",
			);
			runOnlyForDeploymentPostprocessing = 0;
			shellPath = /bin/sh;
			shellScript = "diff \"${PODS_PODFILE_DIR_PATH}/Podfile.lock\" \"${PODS_ROOT}/Manifest.lock\" > /dev/null\nif [ $? != 0 ] ; then\n    # print error to STDERR\n    echo \"error: The sandbox is not in sync with the Podfile.lock. Run 'pod install' or update your CocoaPods installation.\" >&2\n    exit 1\nfi\n# This output is used by Xcode 'outputs' to avoid re-running this script phase.\necho \"SUCCESS\" > \"${SCRIPT_OUTPUT_FILE_0}\"\n";
			showEnvVarsInLog = 0;
		};
		6F51337CC78E3BB5D14561C6 /* [CP] Check Pods Manifest.lock */ = {
			isa = PBXShellScriptBuildPhase;
			buildActionMask = 2147483647;
			files = (
			);
			inputPaths = (
				"${PODS_PODFILE_DIR_PATH}/Podfile.lock",
				"${PODS_ROOT}/Manifest.lock",
			);
			name = "[CP] Check Pods Manifest.lock";
			outputPaths = (
				"$(DERIVED_FILE_DIR)/Pods-Test Build DeployUITests-checkManifestLockResult.txt",
			);
			runOnlyForDeploymentPostprocessing = 0;
			shellPath = /bin/sh;
			shellScript = "diff \"${PODS_PODFILE_DIR_PATH}/Podfile.lock\" \"${PODS_ROOT}/Manifest.lock\" > /dev/null\nif [ $? != 0 ] ; then\n    # print error to STDERR\n    echo \"error: The sandbox is not in sync with the Podfile.lock. Run 'pod install' or update your CocoaPods installation.\" >&2\n    exit 1\nfi\n# This output is used by Xcode 'outputs' to avoid re-running this script phase.\necho \"SUCCESS\" > \"${SCRIPT_OUTPUT_FILE_0}\"\n";
			showEnvVarsInLog = 0;
		};
		BABD965225EEF843E71B8E95 /* [CP] Embed Pods Frameworks */ = {
			isa = PBXShellScriptBuildPhase;
			buildActionMask = 2147483647;
			files = (
			);
			inputPaths = (
			);
			name = "[CP] Embed Pods Frameworks";
			outputPaths = (
			);
			runOnlyForDeploymentPostprocessing = 0;
			shellPath = /bin/sh;
			shellScript = "\"${SRCROOT}/Pods/Target Support Files/Pods-Test Build DeployUITests/Pods-Test Build DeployUITests-frameworks.sh\"\n";
			showEnvVarsInLog = 0;
		};
		C3FC66900731AC84B8FD1A6F /* [CP] Copy Pods Resources */ = {
			isa = PBXShellScriptBuildPhase;
			buildActionMask = 2147483647;
			files = (
			);
			inputPaths = (
			);
			name = "[CP] Copy Pods Resources";
			outputPaths = (
			);
			runOnlyForDeploymentPostprocessing = 0;
			shellPath = /bin/sh;
			shellScript = "\"${SRCROOT}/Pods/Target Support Files/Pods-Test Build DeployTests/Pods-Test Build DeployTests-resources.sh\"\n";
			showEnvVarsInLog = 0;
		};
		D25BE06C20322302006625F7 /* ShellScript */ = {
			isa = PBXShellScriptBuildPhase;
			buildActionMask = 2147483647;
			files = (
			);
			inputPaths = (
			);
			outputPaths = (
			);
			runOnlyForDeploymentPostprocessing = 0;
			shellPath = /bin/sh;
			shellScript = "\"${PODS_ROOT}/Fabric/run\" 3d4da38543563d0f8f8ecf7d6f8dea9d031027ee 90bee1b3efd1357c947f964194379a592c103e77a60b95faf88262782f5260a7";
		};
		F3BB29801F9BCC762D5FABCC /* [CP] Copy Pods Resources */ = {
			isa = PBXShellScriptBuildPhase;
			buildActionMask = 2147483647;
			files = (
			);
			inputPaths = (
			);
			name = "[CP] Copy Pods Resources";
			outputPaths = (
			);
			runOnlyForDeploymentPostprocessing = 0;
			shellPath = /bin/sh;
			shellScript = "\"${SRCROOT}/Pods/Target Support Files/Pods-Test Build DeployUITests/Pods-Test Build DeployUITests-resources.sh\"\n";
			showEnvVarsInLog = 0;
		};
/* End PBXShellScriptBuildPhase section */

/* Begin PBXSourcesBuildPhase section */
		D25BE0372031EEB0006625F7 /* Sources */ = {
			isa = PBXSourcesBuildPhase;
			buildActionMask = 2147483647;
			files = (
				D25BE0412031EEB0006625F7 /* HomeViewController.swift in Sources */,
				D25BE03F2031EEB0006625F7 /* AppDelegate.swift in Sources */,
			);
			runOnlyForDeploymentPostprocessing = 0;
		};
		D25BE04B2031EEB0006625F7 /* Sources */ = {
			isa = PBXSourcesBuildPhase;
			buildActionMask = 2147483647;
			files = (
				D25BE0542031EEB0006625F7 /* Test_Build_DeployTests.swift in Sources */,
			);
			runOnlyForDeploymentPostprocessing = 0;
		};
		D25BE0562031EEB0006625F7 /* Sources */ = {
			isa = PBXSourcesBuildPhase;
			buildActionMask = 2147483647;
			files = (
				D25BE05F2031EEB0006625F7 /* Test_Build_DeployUITests.swift in Sources */,
			);
			runOnlyForDeploymentPostprocessing = 0;
		};
/* End PBXSourcesBuildPhase section */

/* Begin PBXTargetDependency section */
		D25BE0512031EEB0006625F7 /* PBXTargetDependency */ = {
			isa = PBXTargetDependency;
			target = D25BE03A2031EEB0006625F7 /* Test Build Deploy */;
			targetProxy = D25BE0502031EEB0006625F7 /* PBXContainerItemProxy */;
		};
		D25BE05C2031EEB0006625F7 /* PBXTargetDependency */ = {
			isa = PBXTargetDependency;
			target = D25BE03A2031EEB0006625F7 /* Test Build Deploy */;
			targetProxy = D25BE05B2031EEB0006625F7 /* PBXContainerItemProxy */;
		};
/* End PBXTargetDependency section */

/* Begin PBXVariantGroup section */
		D25BE0422031EEB0006625F7 /* Main.storyboard */ = {
			isa = PBXVariantGroup;
			children = (
				D25BE0432031EEB0006625F7 /* Base */,
			);
			name = Main.storyboard;
			sourceTree = "<group>";
		};
		D25BE0472031EEB0006625F7 /* LaunchScreen.storyboard */ = {
			isa = PBXVariantGroup;
			children = (
				D25BE0482031EEB0006625F7 /* Base */,
			);
			name = LaunchScreen.storyboard;
			sourceTree = "<group>";
		};
/* End PBXVariantGroup section */

/* Begin XCBuildConfiguration section */
		D25BE0612031EEB0006625F7 /* Debug */ = {
			isa = XCBuildConfiguration;
			buildSettings = {
				ALWAYS_SEARCH_USER_PATHS = NO;
				CLANG_ANALYZER_NONNULL = YES;
				CLANG_ANALYZER_NUMBER_OBJECT_CONVERSION = YES_AGGRESSIVE;
				CLANG_CXX_LANGUAGE_STANDARD = "gnu++14";
				CLANG_CXX_LIBRARY = "libc++";
				CLANG_ENABLE_MODULES = YES;
				CLANG_ENABLE_OBJC_ARC = YES;
				CLANG_WARN_BLOCK_CAPTURE_AUTORELEASING = YES;
				CLANG_WARN_BOOL_CONVERSION = YES;
				CLANG_WARN_COMMA = YES;
				CLANG_WARN_CONSTANT_CONVERSION = YES;
				CLANG_WARN_DIRECT_OBJC_ISA_USAGE = YES_ERROR;
				CLANG_WARN_DOCUMENTATION_COMMENTS = YES;
				CLANG_WARN_EMPTY_BODY = YES;
				CLANG_WARN_ENUM_CONVERSION = YES;
				CLANG_WARN_INFINITE_RECURSION = YES;
				CLANG_WARN_INT_CONVERSION = YES;
				CLANG_WARN_NON_LITERAL_NULL_CONVERSION = YES;
				CLANG_WARN_OBJC_LITERAL_CONVERSION = YES;
				CLANG_WARN_OBJC_ROOT_CLASS = YES_ERROR;
				CLANG_WARN_RANGE_LOOP_ANALYSIS = YES;
				CLANG_WARN_STRICT_PROTOTYPES = YES;
				CLANG_WARN_SUSPICIOUS_MOVE = YES;
				CLANG_WARN_UNGUARDED_AVAILABILITY = YES_AGGRESSIVE;
				CLANG_WARN_UNREACHABLE_CODE = YES;
				CLANG_WARN__DUPLICATE_METHOD_MATCH = YES;
				CODE_SIGN_IDENTITY = "iPhone Developer";
				COPY_PHASE_STRIP = NO;
				DEBUG_INFORMATION_FORMAT = dwarf;
				ENABLE_STRICT_OBJC_MSGSEND = YES;
				ENABLE_TESTABILITY = YES;
				GCC_C_LANGUAGE_STANDARD = gnu11;
				GCC_DYNAMIC_NO_PIC = NO;
				GCC_NO_COMMON_BLOCKS = YES;
				GCC_OPTIMIZATION_LEVEL = 0;
				GCC_PREPROCESSOR_DEFINITIONS = (
					"DEBUG=1",
					"$(inherited)",
				);
				GCC_WARN_64_TO_32_BIT_CONVERSION = YES;
				GCC_WARN_ABOUT_RETURN_TYPE = YES_ERROR;
				GCC_WARN_UNDECLARED_SELECTOR = YES;
				GCC_WARN_UNINITIALIZED_AUTOS = YES_AGGRESSIVE;
				GCC_WARN_UNUSED_FUNCTION = YES;
				GCC_WARN_UNUSED_VARIABLE = YES;
				IPHONEOS_DEPLOYMENT_TARGET = 11.2;
				MTL_ENABLE_DEBUG_INFO = YES;
				ONLY_ACTIVE_ARCH = YES;
				SDKROOT = iphoneos;
				SWIFT_ACTIVE_COMPILATION_CONDITIONS = DEBUG;
				SWIFT_OPTIMIZATION_LEVEL = "-Onone";
			};
			name = Debug;
		};
		D25BE0622031EEB0006625F7 /* Release */ = {
			isa = XCBuildConfiguration;
			buildSettings = {
				ALWAYS_SEARCH_USER_PATHS = NO;
				CLANG_ANALYZER_NONNULL = YES;
				CLANG_ANALYZER_NUMBER_OBJECT_CONVERSION = YES_AGGRESSIVE;
				CLANG_CXX_LANGUAGE_STANDARD = "gnu++14";
				CLANG_CXX_LIBRARY = "libc++";
				CLANG_ENABLE_MODULES = YES;
				CLANG_ENABLE_OBJC_ARC = YES;
				CLANG_WARN_BLOCK_CAPTURE_AUTORELEASING = YES;
				CLANG_WARN_BOOL_CONVERSION = YES;
				CLANG_WARN_COMMA = YES;
				CLANG_WARN_CONSTANT_CONVERSION = YES;
				CLANG_WARN_DIRECT_OBJC_ISA_USAGE = YES_ERROR;
				CLANG_WARN_DOCUMENTATION_COMMENTS = YES;
				CLANG_WARN_EMPTY_BODY = YES;
				CLANG_WARN_ENUM_CONVERSION = YES;
				CLANG_WARN_INFINITE_RECURSION = YES;
				CLANG_WARN_INT_CONVERSION = YES;
				CLANG_WARN_NON_LITERAL_NULL_CONVERSION = YES;
				CLANG_WARN_OBJC_LITERAL_CONVERSION = YES;
				CLANG_WARN_OBJC_ROOT_CLASS = YES_ERROR;
				CLANG_WARN_RANGE_LOOP_ANALYSIS = YES;
				CLANG_WARN_STRICT_PROTOTYPES = YES;
				CLANG_WARN_SUSPICIOUS_MOVE = YES;
				CLANG_WARN_UNGUARDED_AVAILABILITY = YES_AGGRESSIVE;
				CLANG_WARN_UNREACHABLE_CODE = YES;
				CLANG_WARN__DUPLICATE_METHOD_MATCH = YES;
				CODE_SIGN_IDENTITY = "iPhone Developer";
				COPY_PHASE_STRIP = NO;
				DEBUG_INFORMATION_FORMAT = "dwarf-with-dsym";
				ENABLE_NS_ASSERTIONS = NO;
				ENABLE_STRICT_OBJC_MSGSEND = YES;
				GCC_C_LANGUAGE_STANDARD = gnu11;
				GCC_NO_COMMON_BLOCKS = YES;
				GCC_WARN_64_TO_32_BIT_CONVERSION = YES;
				GCC_WARN_ABOUT_RETURN_TYPE = YES_ERROR;
				GCC_WARN_UNDECLARED_SELECTOR = YES;
				GCC_WARN_UNINITIALIZED_AUTOS = YES_AGGRESSIVE;
				GCC_WARN_UNUSED_FUNCTION = YES;
				GCC_WARN_UNUSED_VARIABLE = YES;
				IPHONEOS_DEPLOYMENT_TARGET = 11.2;
				MTL_ENABLE_DEBUG_INFO = NO;
				SDKROOT = iphoneos;
				SWIFT_OPTIMIZATION_LEVEL = "-Owholemodule";
				VALIDATE_PRODUCT = YES;
			};
			name = Release;
		};
		D25BE0642031EEB0006625F7 /* Debug */ = {
			isa = XCBuildConfiguration;
			baseConfigurationReference = 0D1942693E14B44956BECC9C /* Pods-Test Build Deploy.debug.xcconfig */;
			buildSettings = {
				ASSETCATALOG_COMPILER_APPICON_NAME = AppIcon;
				"CODE_SIGN_IDENTITY[sdk=iphoneos*]" = "iPhone Developer";
				CODE_SIGN_STYLE = Manual;
				DEVELOPMENT_TEAM = 38WXAQKV6Q;
				INFOPLIST_FILE = "Test Build Deploy/Info.plist";
				LD_RUNPATH_SEARCH_PATHS = "$(inherited) @executable_path/Frameworks";
				PRODUCT_BUNDLE_IDENTIFIER = acs.buildanddeploy;
				PRODUCT_NAME = "$(TARGET_NAME)";
				PROVISIONING_PROFILE = "14d58be6-e806-40c3-b08c-ef39c5b6fe58";
				PROVISIONING_PROFILE_SPECIFIER = "Build & Deploy Profile";
				SWIFT_VERSION = 4.0;
				TARGETED_DEVICE_FAMILY = "1,2";
			};
			name = Debug;
		};
		D25BE0652031EEB0006625F7 /* Release */ = {
			isa = XCBuildConfiguration;
			baseConfigurationReference = 5DF884965DAF09D181A347E3 /* Pods-Test Build Deploy.release.xcconfig */;
			buildSettings = {
				ASSETCATALOG_COMPILER_APPICON_NAME = AppIcon;
				CODE_SIGN_IDENTITY = "iPhone Developer";
				"CODE_SIGN_IDENTITY[sdk=iphoneos*]" = "iPhone Developer";
				CODE_SIGN_STYLE = Manual;
				DEVELOPMENT_TEAM = 38WXAQKV6Q;
				INFOPLIST_FILE = "Test Build Deploy/Info.plist";
				LD_RUNPATH_SEARCH_PATHS = "$(inherited) @executable_path/Frameworks";
				PRODUCT_BUNDLE_IDENTIFIER = acs.buildanddeploy;
				PRODUCT_NAME = "$(TARGET_NAME)";
				PROVISIONING_PROFILE = "14d58be6-e806-40c3-b08c-ef39c5b6fe58";
				PROVISIONING_PROFILE_SPECIFIER = "Build & Deploy Profile";
				SWIFT_VERSION = 4.0;
				TARGETED_DEVICE_FAMILY = "1,2";
			};
			name = Release;
		};
		D25BE0672031EEB0006625F7 /* Debug */ = {
			isa = XCBuildConfiguration;
			baseConfigurationReference = E617E0787E4E441A865176DE /* Pods-Test Build DeployTests.debug.xcconfig */;
			buildSettings = {
				ALWAYS_EMBED_SWIFT_STANDARD_LIBRARIES = YES;
				BUNDLE_LOADER = "$(TEST_HOST)";
				CODE_SIGN_STYLE = Automatic;
				DEVELOPMENT_TEAM = YCB8PPEG8V;
				INFOPLIST_FILE = "Test Build DeployTests/Info.plist";
				LD_RUNPATH_SEARCH_PATHS = "$(inherited) @executable_path/Frameworks @loader_path/Frameworks";
				PRODUCT_BUNDLE_IDENTIFIER = "acs.Test-Build-DeployTests";
				PRODUCT_NAME = "$(TARGET_NAME)";
				SWIFT_VERSION = 4.0;
				TARGETED_DEVICE_FAMILY = "1,2";
				TEST_HOST = "$(BUILT_PRODUCTS_DIR)/Test Build Deploy.app/Test Build Deploy";
			};
			name = Debug;
		};
		D25BE0682031EEB0006625F7 /* Release */ = {
			isa = XCBuildConfiguration;
			baseConfigurationReference = A3F9144FEC54BADA4C3740FA /* Pods-Test Build DeployTests.release.xcconfig */;
			buildSettings = {
				ALWAYS_EMBED_SWIFT_STANDARD_LIBRARIES = YES;
				BUNDLE_LOADER = "$(TEST_HOST)";
				CODE_SIGN_STYLE = Automatic;
				DEVELOPMENT_TEAM = YCB8PPEG8V;
				INFOPLIST_FILE = "Test Build DeployTests/Info.plist";
				LD_RUNPATH_SEARCH_PATHS = "$(inherited) @executable_path/Frameworks @loader_path/Frameworks";
				PRODUCT_BUNDLE_IDENTIFIER = "acs.Test-Build-DeployTests";
				PRODUCT_NAME = "$(TARGET_NAME)";
				SWIFT_VERSION = 4.0;
				TARGETED_DEVICE_FAMILY = "1,2";
				TEST_HOST = "$(BUILT_PRODUCTS_DIR)/Test Build Deploy.app/Test Build Deploy";
			};
			name = Release;
		};
		D25BE06A2031EEB0006625F7 /* Debug */ = {
			isa = XCBuildConfiguration;
			baseConfigurationReference = A5F9DE684155F36378F56A2E /* Pods-Test Build DeployUITests.debug.xcconfig */;
			buildSettings = {
				ALWAYS_EMBED_SWIFT_STANDARD_LIBRARIES = YES;
				CODE_SIGN_STYLE = Automatic;
				DEVELOPMENT_TEAM = YCB8PPEG8V;
				INFOPLIST_FILE = "Test Build DeployUITests/Info.plist";
				LD_RUNPATH_SEARCH_PATHS = "$(inherited) @executable_path/Frameworks @loader_path/Frameworks";
				PRODUCT_BUNDLE_IDENTIFIER = "acs.Test-Build-DeployUITests";
				PRODUCT_NAME = "$(TARGET_NAME)";
				SWIFT_VERSION = 4.0;
				TARGETED_DEVICE_FAMILY = "1,2";
				TEST_TARGET_NAME = "Test Build Deploy";
			};
			name = Debug;
		};
		D25BE06B2031EEB0006625F7 /* Release */ = {
			isa = XCBuildConfiguration;
			baseConfigurationReference = 85258E9AC8F2CFC7C14E5BB5 /* Pods-Test Build DeployUITests.release.xcconfig */;
			buildSettings = {
				ALWAYS_EMBED_SWIFT_STANDARD_LIBRARIES = YES;
				CODE_SIGN_STYLE = Automatic;
				DEVELOPMENT_TEAM = YCB8PPEG8V;
				INFOPLIST_FILE = "Test Build DeployUITests/Info.plist";
				LD_RUNPATH_SEARCH_PATHS = "$(inherited) @executable_path/Frameworks @loader_path/Frameworks";
				PRODUCT_BUNDLE_IDENTIFIER = "acs.Test-Build-DeployUITests";
				PRODUCT_NAME = "$(TARGET_NAME)";
				SWIFT_VERSION = 4.0;
				TARGETED_DEVICE_FAMILY = "1,2";
				TEST_TARGET_NAME = "Test Build Deploy";
			};
			name = Release;
		};
/* End XCBuildConfiguration section */

/* Begin XCConfigurationList section */
		D25BE0362031EEB0006625F7 /* Build configuration list for PBXProject "Test Build Deploy" */ = {
			isa = XCConfigurationList;
			buildConfigurations = (
				D25BE0612031EEB0006625F7 /* Debug */,
				D25BE0622031EEB0006625F7 /* Release */,
			);
			defaultConfigurationIsVisible = 0;
			defaultConfigurationName = Release;
		};
		D25BE0632031EEB0006625F7 /* Build configuration list for PBXNativeTarget "Test Build Deploy" */ = {
			isa = XCConfigurationList;
			buildConfigurations = (
				D25BE0642031EEB0006625F7 /* Debug */,
				D25BE0652031EEB0006625F7 /* Release */,
			);
			defaultConfigurationIsVisible = 0;
			defaultConfigurationName = Release;
		};
		D25BE0662031EEB0006625F7 /* Build configuration list for PBXNativeTarget "Test Build DeployTests" */ = {
			isa = XCConfigurationList;
			buildConfigurations = (
				D25BE0672031EEB0006625F7 /* Debug */,
				D25BE0682031EEB0006625F7 /* Release */,
			);
			defaultConfigurationIsVisible = 0;
			defaultConfigurationName = Release;
		};
		D25BE0692031EEB0006625F7 /* Build configuration list for PBXNativeTarget "Test Build DeployUITests" */ = {
			isa = XCConfigurationList;
			buildConfigurations = (
				D25BE06A2031EEB0006625F7 /* Debug */,
				D25BE06B2031EEB0006625F7 /* Release */,
			);
			defaultConfigurationIsVisible = 0;
			defaultConfigurationName = Release;
		};
/* End XCConfigurationList section */
	};
	rootObject = D25BE0332031EEB0006625F7 /* Project object */;
}
